
Microsoft Visual Studio Solution File, Format Version 12.00
# Visual Studio Version 16
VisualStudioVersion = 16.0.32002.261
MinimumVisualStudioVersion = 10.0.40219.1
Project("{FAE04EC0-301F-11D3-BF4B-00C04F79EFBC}") = "Boss-Stock-WPF", "Boss-Stock-WPF\Boss-Stock-WPF.csproj", "{709871BC-1676-4C2F-A797-843854FB7BBE}"
EndProject
Global
	GlobalSection(SolutionConfigurationPlatforms) = preSolution
		Debug|Any CPU = Debug|Any CPU
		Release|Any CPU = Release|Any CPU
	EndGlobalSection
	GlobalSection(ProjectConfigurationPlatforms) = postSolution
		{709871BC-1676-4C2F-A797-843854FB7BBE}.Debug|Any CPU.ActiveCfg = Debug|Any CPU
		{709871BC-1676-4C2F-A797-843854FB7BBE}.Debug|Any CPU.Build.0 = Debug|Any CPU
		{709871BC-1676-4C2F-A797-843854FB7BBE}.Release|Any CPU.ActiveCfg = Release|Any CPU
		{709871BC-1676-4C2F-A797-843854FB7BBE}.Release|Any CPU.Build.0 = Release|Any CPU
	EndGlobalSection
	GlobalSection(SolutionProperties) = preSolution
		HideSolutionNode = FALSE
	EndGlobalSection
	GlobalSection(ExtensibilityGlobals) = postSolution
		SolutionGuid = {3E7AEF6A-C4A7-4031-9DCD-A2F9D3FEBA29}
	EndGlobalSection
EndGlobal
